
Microsoft Visual Studio Solution File, Format Version 12.00
# Visual Studio Version 16
VisualStudioVersion = 16.0.30907.101
MinimumVisualStudioVersion = 10.0.40219.1
Project("{FAE04EC0-301F-11D3-BF4B-00C04F79EFBC}") = "TestIdentityServer.Server", "TestIdentityServer\Server\TestIdentityServer.Server.csproj", "{145F8BDD-1574-460E-B4B8-9C63FA91D692}"
EndProject
Project("{FAE04EC0-301F-11D3-BF4B-00C04F79EFBC}") = "TestIdentityServer.Client", "TestIdentityServer\Client\TestIdentityServer.Client.csproj", "{491F7D82-079C-46FB-AAA9-D7D656D6315F}"
EndProject
Project("{FAE04EC0-301F-11D3-BF4B-00C04F79EFBC}") = "TestIdentityServer.Shared", "TestIdentityServer\Shared\TestIdentityServer.Shared.csproj", "{D9C160BE-98B6-4EBE-A8B3-FFED419CE6CD}"
EndProject
Global
	GlobalSection(SolutionConfigurationPlatforms) = preSolution
		Debug|Any CPU = Debug|Any CPU
		Release|Any CPU = Release|Any CPU
	EndGlobalSection
	GlobalSection(ProjectConfigurationPlatforms) = postSolution
		{145F8BDD-1574-460E-B4B8-9C63FA91D692}.Debug|Any CPU.ActiveCfg = Debug|Any CPU
		{145F8BDD-1574-460E-B4B8-9C63FA91D692}.Debug|Any CPU.Build.0 = Debug|Any CPU
		{145F8BDD-1574-460E-B4B8-9C63FA91D692}.Release|Any CPU.ActiveCfg = Release|Any CPU
		{145F8BDD-1574-460E-B4B8-9C63FA91D692}.Release|Any CPU.Build.0 = Release|Any CPU
		{491F7D82-079C-46FB-AAA9-D7D656D6315F}.Debug|Any CPU.ActiveCfg = Debug|Any CPU
		{491F7D82-079C-46FB-AAA9-D7D656D6315F}.Debug|Any CPU.Build.0 = Debug|Any CPU
		{491F7D82-079C-46FB-AAA9-D7D656D6315F}.Release|Any CPU.ActiveCfg = Release|Any CPU
		{491F7D82-079C-46FB-AAA9-D7D656D6315F}.Release|Any CPU.Build.0 = Release|Any CPU
		{D9C160BE-98B6-4EBE-A8B3-FFED419CE6CD}.Debug|Any CPU.ActiveCfg = Debug|Any CPU
		{D9C160BE-98B6-4EBE-A8B3-FFED419CE6CD}.Debug|Any CPU.Build.0 = Debug|Any CPU
		{D9C160BE-98B6-4EBE-A8B3-FFED419CE6CD}.Release|Any CPU.ActiveCfg = Release|Any CPU
		{D9C160BE-98B6-4EBE-A8B3-FFED419CE6CD}.Release|Any CPU.Build.0 = Release|Any CPU
	EndGlobalSection
	GlobalSection(SolutionProperties) = preSolution
		HideSolutionNode = FALSE
	EndGlobalSection
	GlobalSection(ExtensibilityGlobals) = postSolution
		SolutionGuid = {2FAC62AA-8E5A-457B-AAA7-54B6DDB9E513}
	EndGlobalSection
EndGlobal
